// !$*UTF8*$!
{
	archiveVersion = 1;
	classes = {
	};
	objectVersion = 56;
	objects = {

/* Begin PBXBuildFile section */
		C60A77EB2A421739007FAE47 /* MainTabView.swift in Sources */ = {isa = PBXBuildFile; fileRef = C60A77EA2A421739007FAE47 /* MainTabView.swift */; };
		C60A77ED2A42177C007FAE47 /* MyCasesView.swift in Sources */ = {isa = PBXBuildFile; fileRef = C60A77EC2A42177C007FAE47 /* MyCasesView.swift */; };
		C60A77EF2A42178E007FAE47 /* MyCourtDatesView.swift in Sources */ = {isa = PBXBuildFile; fileRef = C60A77EE2A42178E007FAE47 /* MyCourtDatesView.swift */; };
		C60A77F12A421794007FAE47 /* SettingsView.swift in Sources */ = {isa = PBXBuildFile; fileRef = C60A77F02A421794007FAE47 /* SettingsView.swift */; };
		C629DFF22A436E5A0056DEF8 /* MockData.swift in Sources */ = {isa = PBXBuildFile; fileRef = C629DFF12A436E5A0056DEF8 /* MockData.swift */; };
		C64AA0F32A449B5700FBAD89 /* CourtOrder.swift in Sources */ = {isa = PBXBuildFile; fileRef = C64AA0F22A449B5700FBAD89 /* CourtOrder.swift */; };
		C65B74122A44B27E00F5B865 /* Victim.swift in Sources */ = {isa = PBXBuildFile; fileRef = C65B74112A44B27E00F5B865 /* Victim.swift */; };
		C65B74142A44B32200F5B865 /* Subpeona.swift in Sources */ = {isa = PBXBuildFile; fileRef = C65B74132A44B32200F5B865 /* Subpeona.swift */; };
		C65B74162A44B36400F5B865 /* CameraFootage.swift in Sources */ = {isa = PBXBuildFile; fileRef = C65B74152A44B36400F5B865 /* CameraFootage.swift */; };
		C65B74182A44B3F200F5B865 /* VictimDetailView.swift in Sources */ = {isa = PBXBuildFile; fileRef = C65B74172A44B3F200F5B865 /* VictimDetailView.swift */; };
		C65B741B2A44B59700F5B865 /* VictimCellView.swift in Sources */ = {isa = PBXBuildFile; fileRef = C65B741A2A44B59700F5B865 /* VictimCellView.swift */; };
		C6768A932A421BC90090666C /* CaseListCell.swift in Sources */ = {isa = PBXBuildFile; fileRef = C6768A922A421BC90090666C /* CaseListCell.swift */; };
		C687B4A12A43CEAB00F95899 /* CaseDetailView.swift in Sources */ = {isa = PBXBuildFile; fileRef = C687B4A02A43CEAB00F95899 /* CaseDetailView.swift */; };
		C6A6C9CA2A44C82A00D5BEE2 /* AddVictimView.swift in Sources */ = {isa = PBXBuildFile; fileRef = C6A6C9C92A44C82A00D5BEE2 /* AddVictimView.swift */; };
		C6BD08422A43402B006035BF /* AddCaseView.swift in Sources */ = {isa = PBXBuildFile; fileRef = C6BD08412A43402B006035BF /* AddCaseView.swift */; };
		C6C844652A41D37900549E77 /* LEOCases_UIApp.swift in Sources */ = {isa = PBXBuildFile; fileRef = C6C844642A41D37900549E77 /* LEOCases_UIApp.swift */; };
		C6C844692A41D37900549E77 /* Assets.xcassets in Resources */ = {isa = PBXBuildFile; fileRef = C6C844682A41D37900549E77 /* Assets.xcassets */; };
		C6C8446C2A41D37900549E77 /* Preview Assets.xcassets in Resources */ = {isa = PBXBuildFile; fileRef = C6C8446B2A41D37900549E77 /* Preview Assets.xcassets */; };
		C6C844732A41D3A300549E77 /* .gitignore in Resources */ = {isa = PBXBuildFile; fileRef = C6C844722A41D3A300549E77 /* .gitignore */; };
		C6D6CE152A44734900C62CC5 /* AddToDoListCell.swift in Sources */ = {isa = PBXBuildFile; fileRef = C6D6CE142A44734900C62CC5 /* AddToDoListCell.swift */; };
		C6D883932A434F8200300F3B /* ToDoListCell.swift in Sources */ = {isa = PBXBuildFile; fileRef = C6D883922A434F8200300F3B /* ToDoListCell.swift */; };
		C6D883952A43522900300F3B /* Case.swift in Sources */ = {isa = PBXBuildFile; fileRef = C6D883942A43522900300F3B /* Case.swift */; };
		C6E1770F2A439B420003500D /* SearchWarrant.swift in Sources */ = {isa = PBXBuildFile; fileRef = C6E1770E2A439B420003500D /* SearchWarrant.swift */; };
		C6E177112A439BBE0003500D /* ExtraTask.swift in Sources */ = {isa = PBXBuildFile; fileRef = C6E177102A439BBE0003500D /* ExtraTask.swift */; };
/* End PBXBuildFile section */

/* Begin PBXFileReference section */
		C60A77EA2A421739007FAE47 /* MainTabView.swift */ = {isa = PBXFileReference; lastKnownFileType = sourcecode.swift; path = MainTabView.swift; sourceTree = "<group>"; };
		C60A77EC2A42177C007FAE47 /* MyCasesView.swift */ = {isa = PBXFileReference; lastKnownFileType = sourcecode.swift; path = MyCasesView.swift; sourceTree = "<group>"; };
		C60A77EE2A42178E007FAE47 /* MyCourtDatesView.swift */ = {isa = PBXFileReference; lastKnownFileType = sourcecode.swift; path = MyCourtDatesView.swift; sourceTree = "<group>"; };
		C60A77F02A421794007FAE47 /* SettingsView.swift */ = {isa = PBXFileReference; lastKnownFileType = sourcecode.swift; path = SettingsView.swift; sourceTree = "<group>"; };
		C629DFF12A436E5A0056DEF8 /* MockData.swift */ = {isa = PBXFileReference; lastKnownFileType = sourcecode.swift; path = MockData.swift; sourceTree = "<group>"; };
		C64AA0F22A449B5700FBAD89 /* CourtOrder.swift */ = {isa = PBXFileReference; lastKnownFileType = sourcecode.swift; path = CourtOrder.swift; sourceTree = "<group>"; };
		C65B74112A44B27E00F5B865 /* Victim.swift */ = {isa = PBXFileReference; lastKnownFileType = sourcecode.swift; path = Victim.swift; sourceTree = "<group>"; };
		C65B74132A44B32200F5B865 /* Subpeona.swift */ = {isa = PBXFileReference; lastKnownFileType = sourcecode.swift; path = Subpeona.swift; sourceTree = "<group>"; };
		C65B74152A44B36400F5B865 /* CameraFootage.swift */ = {isa = PBXFileReference; lastKnownFileType = sourcecode.swift; path = CameraFootage.swift; sourceTree = "<group>"; };
		C65B74172A44B3F200F5B865 /* VictimDetailView.swift */ = {isa = PBXFileReference; lastKnownFileType = sourcecode.swift; path = VictimDetailView.swift; sourceTree = "<group>"; };
		C65B741A2A44B59700F5B865 /* VictimCellView.swift */ = {isa = PBXFileReference; lastKnownFileType = sourcecode.swift; path = VictimCellView.swift; sourceTree = "<group>"; };
		C6768A922A421BC90090666C /* CaseListCell.swift */ = {isa = PBXFileReference; lastKnownFileType = sourcecode.swift; path = CaseListCell.swift; sourceTree = "<group>"; };
		C687B4A02A43CEAB00F95899 /* CaseDetailView.swift */ = {isa = PBXFileReference; lastKnownFileType = sourcecode.swift; path = CaseDetailView.swift; sourceTree = "<group>"; };
		C6A6C9C92A44C82A00D5BEE2 /* AddVictimView.swift */ = {isa = PBXFileReference; lastKnownFileType = sourcecode.swift; path = AddVictimView.swift; sourceTree = "<group>"; };
		C6BD08412A43402B006035BF /* AddCaseView.swift */ = {isa = PBXFileReference; lastKnownFileType = sourcecode.swift; path = AddCaseView.swift; sourceTree = "<group>"; };
		C6C844612A41D37900549E77 /* LEOCases-UI.app */ = {isa = PBXFileReference; explicitFileType = wrapper.application; includeInIndex = 0; path = "LEOCases-UI.app"; sourceTree = BUILT_PRODUCTS_DIR; };
		C6C844642A41D37900549E77 /* LEOCases_UIApp.swift */ = {isa = PBXFileReference; lastKnownFileType = sourcecode.swift; path = LEOCases_UIApp.swift; sourceTree = "<group>"; };
		C6C844682A41D37900549E77 /* Assets.xcassets */ = {isa = PBXFileReference; lastKnownFileType = folder.assetcatalog; path = Assets.xcassets; sourceTree = "<group>"; };
		C6C8446B2A41D37900549E77 /* Preview Assets.xcassets */ = {isa = PBXFileReference; lastKnownFileType = folder.assetcatalog; path = "Preview Assets.xcassets"; sourceTree = "<group>"; };
		C6C844722A41D3A300549E77 /* .gitignore */ = {isa = PBXFileReference; lastKnownFileType = text; path = .gitignore; sourceTree = "<group>"; };
		C6D6CE142A44734900C62CC5 /* AddToDoListCell.swift */ = {isa = PBXFileReference; lastKnownFileType = sourcecode.swift; path = AddToDoListCell.swift; sourceTree = "<group>"; };
		C6D883922A434F8200300F3B /* ToDoListCell.swift */ = {isa = PBXFileReference; lastKnownFileType = sourcecode.swift; path = ToDoListCell.swift; sourceTree = "<group>"; };
		C6D883942A43522900300F3B /* Case.swift */ = {isa = PBXFileReference; lastKnownFileType = sourcecode.swift; path = Case.swift; sourceTree = "<group>"; };
		C6E1770E2A439B420003500D /* SearchWarrant.swift */ = {isa = PBXFileReference; lastKnownFileType = sourcecode.swift; path = SearchWarrant.swift; sourceTree = "<group>"; };
		C6E177102A439BBE0003500D /* ExtraTask.swift */ = {isa = PBXFileReference; lastKnownFileType = sourcecode.swift; path = ExtraTask.swift; sourceTree = "<group>"; };
/* End PBXFileReference section */

/* Begin PBXFrameworksBuildPhase section */
		C6C8445E2A41D37900549E77 /* Frameworks */ = {
			isa = PBXFrameworksBuildPhase;
			buildActionMask = 2147483647;
			files = (
			);
			runOnlyForDeploymentPostprocessing = 0;
		};
/* End PBXFrameworksBuildPhase section */

/* Begin PBXGroup section */
		C60A77E82A421710007FAE47 /* View Components */ = {
			isa = PBXGroup;
			children = (
				C6768A922A421BC90090666C /* CaseListCell.swift */,
				C65B741A2A44B59700F5B865 /* VictimCellView.swift */,
				C6D883922A434F8200300F3B /* ToDoListCell.swift */,
				C6D6CE142A44734900C62CC5 /* AddToDoListCell.swift */,
			);
			path = "View Components";
			sourceTree = "<group>";
		};
		C60A77E92A42171F007FAE47 /* Views */ = {
			isa = PBXGroup;
			children = (
				C60A77EA2A421739007FAE47 /* MainTabView.swift */,
				C65B740F2A44B17000F5B865 /* Cases */,
				C65B74192A44B4AF00F5B865 /* Victims */,
				C65B74102A44B17E00F5B865 /* My Court Dates */,
				C60A77F02A421794007FAE47 /* SettingsView.swift */,
			);
			path = Views;
			sourceTree = "<group>";
		};
		C65B740F2A44B17000F5B865 /* Cases */ = {
			isa = PBXGroup;
			children = (
				C60A77EC2A42177C007FAE47 /* MyCasesView.swift */,
				C6BD08412A43402B006035BF /* AddCaseView.swift */,
				C687B4A02A43CEAB00F95899 /* CaseDetailView.swift */,
			);
			path = Cases;
			sourceTree = "<group>";
		};
		C65B74102A44B17E00F5B865 /* My Court Dates */ = {
			isa = PBXGroup;
			children = (
				C60A77EE2A42178E007FAE47 /* MyCourtDatesView.swift */,
			);
			path = "My Court Dates";
			sourceTree = "<group>";
		};
		C65B74192A44B4AF00F5B865 /* Victims */ = {
			isa = PBXGroup;
			children = (
				C65B74172A44B3F200F5B865 /* VictimDetailView.swift */,
				C6A6C9C92A44C82A00D5BEE2 /* AddVictimView.swift */,
			);
			path = Victims;
			sourceTree = "<group>";
		};
		C6768A912A421B630090666C /* Models */ = {
			isa = PBXGroup;
			children = (
				C6D883942A43522900300F3B /* Case.swift */,
				C65B74112A44B27E00F5B865 /* Victim.swift */,
				C64AA0F22A449B5700FBAD89 /* CourtOrder.swift */,
				C6E1770E2A439B420003500D /* SearchWarrant.swift */,
				C6E177102A439BBE0003500D /* ExtraTask.swift */,
				C65B74152A44B36400F5B865 /* CameraFootage.swift */,
				C65B74132A44B32200F5B865 /* Subpeona.swift */,
				C629DFF12A436E5A0056DEF8 /* MockData.swift */,
			);
			path = Models;
			sourceTree = "<group>";
		};
		C6C844582A41D37900549E77 = {
			isa = PBXGroup;
			children = (
				C6C844632A41D37900549E77 /* LEOCases-UI */,
				C6C844722A41D3A300549E77 /* .gitignore */,
				C6C844622A41D37900549E77 /* Products */,
			);
			sourceTree = "<group>";
		};
		C6C844622A41D37900549E77 /* Products */ = {
			isa = PBXGroup;
			children = (
				C6C844612A41D37900549E77 /* LEOCases-UI.app */,
			);
			name = Products;
			sourceTree = "<group>";
		};
		C6C844632A41D37900549E77 /* LEOCases-UI */ = {
			isa = PBXGroup;
			children = (
				C6768A912A421B630090666C /* Models */,
				C60A77E92A42171F007FAE47 /* Views */,
				C60A77E82A421710007FAE47 /* View Components */,
				C6C844642A41D37900549E77 /* LEOCases_UIApp.swift */,
				C6C844682A41D37900549E77 /* Assets.xcassets */,
				C6C8446A2A41D37900549E77 /* Preview Content */,
			);
			path = "LEOCases-UI";
			sourceTree = "<group>";
		};
		C6C8446A2A41D37900549E77 /* Preview Content */ = {
			isa = PBXGroup;
			children = (
				C6C8446B2A41D37900549E77 /* Preview Assets.xcassets */,
			);
			path = "Preview Content";
			sourceTree = "<group>";
		};
/* End PBXGroup section */

/* Begin PBXNativeTarget section */
		C6C844602A41D37900549E77 /* LEOCases-UI */ = {
			isa = PBXNativeTarget;
			buildConfigurationList = C6C8446F2A41D37900549E77 /* Build configuration list for PBXNativeTarget "LEOCases-UI" */;
			buildPhases = (
				C6C8445D2A41D37900549E77 /* Sources */,
				C6C8445E2A41D37900549E77 /* Frameworks */,
				C6C8445F2A41D37900549E77 /* Resources */,
			);
			buildRules = (
			);
			dependencies = (
			);
			name = "LEOCases-UI";
			productName = "LEOCases-UI";
			productReference = C6C844612A41D37900549E77 /* LEOCases-UI.app */;
			productType = "com.apple.product-type.application";
		};
/* End PBXNativeTarget section */

/* Begin PBXProject section */
		C6C844592A41D37900549E77 /* Project object */ = {
			isa = PBXProject;
			attributes = {
				BuildIndependentTargetsInParallel = 1;
				LastSwiftUpdateCheck = 1500;
				LastUpgradeCheck = 1500;
				TargetAttributes = {
					C6C844602A41D37900549E77 = {
						CreatedOnToolsVersion = 15.0;
					};
				};
			};
			buildConfigurationList = C6C8445C2A41D37900549E77 /* Build configuration list for PBXProject "LEOCases-UI" */;
			compatibilityVersion = "Xcode 14.0";
			developmentRegion = en;
			hasScannedForEncodings = 0;
			knownRegions = (
				en,
				Base,
			);
			mainGroup = C6C844582A41D37900549E77;
			productRefGroup = C6C844622A41D37900549E77 /* Products */;
			projectDirPath = "";
			projectRoot = "";
			targets = (
				C6C844602A41D37900549E77 /* LEOCases-UI */,
			);
		};
/* End PBXProject section */

/* Begin PBXResourcesBuildPhase section */
		C6C8445F2A41D37900549E77 /* Resources */ = {
			isa = PBXResourcesBuildPhase;
			buildActionMask = 2147483647;
			files = (
				C6C8446C2A41D37900549E77 /* Preview Assets.xcassets in Resources */,
				C6C844732A41D3A300549E77 /* .gitignore in Resources */,
				C6C844692A41D37900549E77 /* Assets.xcassets in Resources */,
			);
			runOnlyForDeploymentPostprocessing = 0;
		};
/* End PBXResourcesBuildPhase section */

/* Begin PBXSourcesBuildPhase section */
		C6C8445D2A41D37900549E77 /* Sources */ = {
			isa = PBXSourcesBuildPhase;
			buildActionMask = 2147483647;
			files = (
				C60A77ED2A42177C007FAE47 /* MyCasesView.swift in Sources */,
				C6A6C9CA2A44C82A00D5BEE2 /* AddVictimView.swift in Sources */,
				C65B74182A44B3F200F5B865 /* VictimDetailView.swift in Sources */,
				C65B741B2A44B59700F5B865 /* VictimCellView.swift in Sources */,
				C6E177112A439BBE0003500D /* ExtraTask.swift in Sources */,
				C65B74162A44B36400F5B865 /* CameraFootage.swift in Sources */,
				C6768A932A421BC90090666C /* CaseListCell.swift in Sources */,
				C65B74122A44B27E00F5B865 /* Victim.swift in Sources */,
				C6D6CE152A44734900C62CC5 /* AddToDoListCell.swift in Sources */,
				C6D883932A434F8200300F3B /* ToDoListCell.swift in Sources */,
				C60A77EF2A42178E007FAE47 /* MyCourtDatesView.swift in Sources */,
				C6BD08422A43402B006035BF /* AddCaseView.swift in Sources */,
				C60A77F12A421794007FAE47 /* SettingsView.swift in Sources */,
				C6D883952A43522900300F3B /* Case.swift in Sources */,
				C65B74142A44B32200F5B865 /* Subpeona.swift in Sources */,
				C6C844652A41D37900549E77 /* LEOCases_UIApp.swift in Sources */,
				C6E1770F2A439B420003500D /* SearchWarrant.swift in Sources */,
				C629DFF22A436E5A0056DEF8 /* MockData.swift in Sources */,
				C687B4A12A43CEAB00F95899 /* CaseDetailView.swift in Sources */,
				C60A77EB2A421739007FAE47 /* MainTabView.swift in Sources */,
				C64AA0F32A449B5700FBAD89 /* CourtOrder.swift in Sources */,
			);
			runOnlyForDeploymentPostprocessing = 0;
		};
/* End PBXSourcesBuildPhase section */

/* Begin XCBuildConfiguration section */
		C6C8446D2A41D37900549E77 /* Debug */ = {
			isa = XCBuildConfiguration;
			buildSettings = {
				ALWAYS_SEARCH_USER_PATHS = NO;
				ASSETCATALOG_COMPILER_GENERATE_SWIFT_ASSET_SYMBOL_EXTENSIONS = YES;
				CLANG_ANALYZER_NONNULL = YES;
				CLANG_ANALYZER_NUMBER_OBJECT_CONVERSION = YES_AGGRESSIVE;
				CLANG_CXX_LANGUAGE_STANDARD = "gnu++20";
				CLANG_ENABLE_MODULES = YES;
				CLANG_ENABLE_OBJC_ARC = YES;
				CLANG_ENABLE_OBJC_WEAK = YES;
				CLANG_WARN_BLOCK_CAPTURE_AUTORELEASING = YES;
				CLANG_WARN_BOOL_CONVERSION = YES;
				CLANG_WARN_COMMA = YES;
				CLANG_WARN_CONSTANT_CONVERSION = YES;
				CLANG_WARN_DEPRECATED_OBJC_IMPLEMENTATIONS = YES;
				CLANG_WARN_DIRECT_OBJC_ISA_USAGE = YES_ERROR;
				CLANG_WARN_DOCUMENTATION_COMMENTS = YES;
				CLANG_WARN_EMPTY_BODY = YES;
				CLANG_WARN_ENUM_CONVERSION = YES;
				CLANG_WARN_INFINITE_RECURSION = YES;
				CLANG_WARN_INT_CONVERSION = YES;
				CLANG_WARN_NON_LITERAL_NULL_CONVERSION = YES;
				CLANG_WARN_OBJC_IMPLICIT_RETAIN_SELF = YES;
				CLANG_WARN_OBJC_LITERAL_CONVERSION = YES;
				CLANG_WARN_OBJC_ROOT_CLASS = YES_ERROR;
				CLANG_WARN_QUOTED_INCLUDE_IN_FRAMEWORK_HEADER = YES;
				CLANG_WARN_RANGE_LOOP_ANALYSIS = YES;
				CLANG_WARN_STRICT_PROTOTYPES = YES;
				CLANG_WARN_SUSPICIOUS_MOVE = YES;
				CLANG_WARN_UNGUARDED_AVAILABILITY = YES_AGGRESSIVE;
				CLANG_WARN_UNREACHABLE_CODE = YES;
				CLANG_WARN__DUPLICATE_METHOD_MATCH = YES;
				COPY_PHASE_STRIP = NO;
				DEBUG_INFORMATION_FORMAT = dwarf;
				ENABLE_STRICT_OBJC_MSGSEND = YES;
				ENABLE_TESTABILITY = YES;
				ENABLE_USER_SCRIPT_SANDBOXING = YES;
				GCC_C_LANGUAGE_STANDARD = gnu17;
				GCC_DYNAMIC_NO_PIC = NO;
				GCC_NO_COMMON_BLOCKS = YES;
				GCC_OPTIMIZATION_LEVEL = 0;
				GCC_PREPROCESSOR_DEFINITIONS = (
					"DEBUG=1",
					"$(inherited)",
				);
				GCC_WARN_64_TO_32_BIT_CONVERSION = YES;
				GCC_WARN_ABOUT_RETURN_TYPE = YES_ERROR;
				GCC_WARN_UNDECLARED_SELECTOR = YES;
				GCC_WARN_UNINITIALIZED_AUTOS = YES_AGGRESSIVE;
				GCC_WARN_UNUSED_FUNCTION = YES;
				GCC_WARN_UNUSED_VARIABLE = YES;
				IPHONEOS_DEPLOYMENT_TARGET = 17.0;
				LOCALIZATION_PREFERS_STRING_CATALOGS = YES;
				MTL_ENABLE_DEBUG_INFO = INCLUDE_SOURCE;
				MTL_FAST_MATH = YES;
				ONLY_ACTIVE_ARCH = YES;
				SDKROOT = iphoneos;
				SWIFT_ACTIVE_COMPILATION_CONDITIONS = "DEBUG $(inherited)";
				SWIFT_OPTIMIZATION_LEVEL = "-Onone";
			};
			name = Debug;
		};
		C6C8446E2A41D37900549E77 /* Release */ = {
			isa = XCBuildConfiguration;
			buildSettings = {
				ALWAYS_SEARCH_USER_PATHS = NO;
				ASSETCATALOG_COMPILER_GENERATE_SWIFT_ASSET_SYMBOL_EXTENSIONS = YES;
				CLANG_ANALYZER_NONNULL = YES;
				CLANG_ANALYZER_NUMBER_OBJECT_CONVERSION = YES_AGGRESSIVE;
				CLANG_CXX_LANGUAGE_STANDARD = "gnu++20";
				CLANG_ENABLE_MODULES = YES;
				CLANG_ENABLE_OBJC_ARC = YES;
				CLANG_ENABLE_OBJC_WEAK = YES;
				CLANG_WARN_BLOCK_CAPTURE_AUTORELEASING = YES;
				CLANG_WARN_BOOL_CONVERSION = YES;
				CLANG_WARN_COMMA = YES;
				CLANG_WARN_CONSTANT_CONVERSION = YES;
				CLANG_WARN_DEPRECATED_OBJC_IMPLEMENTATIONS = YES;
				CLANG_WARN_DIRECT_OBJC_ISA_USAGE = YES_ERROR;
				CLANG_WARN_DOCUMENTATION_COMMENTS = YES;
				CLANG_WARN_EMPTY_BODY = YES;
				CLANG_WARN_ENUM_CONVERSION = YES;
				CLANG_WARN_INFINITE_RECURSION = YES;
				CLANG_WARN_INT_CONVERSION = YES;
				CLANG_WARN_NON_LITERAL_NULL_CONVERSION = YES;
				CLANG_WARN_OBJC_IMPLICIT_RETAIN_SELF = YES;
				CLANG_WARN_OBJC_LITERAL_CONVERSION = YES;
				CLANG_WARN_OBJC_ROOT_CLASS = YES_ERROR;
				CLANG_WARN_QUOTED_INCLUDE_IN_FRAMEWORK_HEADER = YES;
				CLANG_WARN_RANGE_LOOP_ANALYSIS = YES;
				CLANG_WARN_STRICT_PROTOTYPES = YES;
				CLANG_WARN_SUSPICIOUS_MOVE = YES;
				CLANG_WARN_UNGUARDED_AVAILABILITY = YES_AGGRESSIVE;
				CLANG_WARN_UNREACHABLE_CODE = YES;
				CLANG_WARN__DUPLICATE_METHOD_MATCH = YES;
				COPY_PHASE_STRIP = NO;
				DEBUG_INFORMATION_FORMAT = "dwarf-with-dsym";
				ENABLE_NS_ASSERTIONS = NO;
				ENABLE_STRICT_OBJC_MSGSEND = YES;
				ENABLE_USER_SCRIPT_SANDBOXING = YES;
				GCC_C_LANGUAGE_STANDARD = gnu17;
				GCC_NO_COMMON_BLOCKS = YES;
				GCC_WARN_64_TO_32_BIT_CONVERSION = YES;
				GCC_WARN_ABOUT_RETURN_TYPE = YES_ERROR;
				GCC_WARN_UNDECLARED_SELECTOR = YES;
				GCC_WARN_UNINITIALIZED_AUTOS = YES_AGGRESSIVE;
				GCC_WARN_UNUSED_FUNCTION = YES;
				GCC_WARN_UNUSED_VARIABLE = YES;
				IPHONEOS_DEPLOYMENT_TARGET = 17.0;
				LOCALIZATION_PREFERS_STRING_CATALOGS = YES;
				MTL_ENABLE_DEBUG_INFO = NO;
				MTL_FAST_MATH = YES;
				SDKROOT = iphoneos;
				SWIFT_COMPILATION_MODE = wholemodule;
				VALIDATE_PRODUCT = YES;
			};
			name = Release;
		};
		C6C844702A41D37900549E77 /* Debug */ = {
			isa = XCBuildConfiguration;
			buildSettings = {
				ASSETCATALOG_COMPILER_APPICON_NAME = AppIcon;
				ASSETCATALOG_COMPILER_GLOBAL_ACCENT_COLOR_NAME = AccentColor;
				CODE_SIGN_STYLE = Automatic;
				CURRENT_PROJECT_VERSION = 1;
				DEVELOPMENT_ASSET_PATHS = "\"LEOCases-UI/Preview Content\"";
				DEVELOPMENT_TEAM = S4D8WSLNV7;
				ENABLE_PREVIEWS = YES;
				GENERATE_INFOPLIST_FILE = YES;
				INFOPLIST_KEY_UIApplicationSceneManifest_Generation = YES;
				INFOPLIST_KEY_UIApplicationSupportsIndirectInputEvents = YES;
				INFOPLIST_KEY_UILaunchScreen_Generation = YES;
				INFOPLIST_KEY_UISupportedInterfaceOrientations_iPad = "UIInterfaceOrientationPortrait UIInterfaceOrientationPortraitUpsideDown UIInterfaceOrientationLandscapeLeft UIInterfaceOrientationLandscapeRight";
				INFOPLIST_KEY_UISupportedInterfaceOrientations_iPhone = "UIInterfaceOrientationPortrait UIInterfaceOrientationLandscapeLeft UIInterfaceOrientationLandscapeRight";
				LD_RUNPATH_SEARCH_PATHS = (
					"$(inherited)",
					"@executable_path/Frameworks",
				);
				MARKETING_VERSION = 1.0;
				PRODUCT_BUNDLE_IDENTIFIER = "com.martinstofko.LEOCases-UI";
				PRODUCT_NAME = "$(TARGET_NAME)";
				SWIFT_EMIT_LOC_STRINGS = YES;
				SWIFT_VERSION = 5.0;
				TARGETED_DEVICE_FAMILY = "1,2";
			};
			name = Debug;
		};
		C6C844712A41D37900549E77 /* Release */ = {
			isa = XCBuildConfiguration;
			buildSettings = {
				ASSETCATALOG_COMPILER_APPICON_NAME = AppIcon;
				ASSETCATALOG_COMPILER_GLOBAL_ACCENT_COLOR_NAME = AccentColor;
				CODE_SIGN_STYLE = Automatic;
				CURRENT_PROJECT_VERSION = 1;
				DEVELOPMENT_ASSET_PATHS = "\"LEOCases-UI/Preview Content\"";
				DEVELOPMENT_TEAM = S4D8WSLNV7;
				ENABLE_PREVIEWS = YES;
				GENERATE_INFOPLIST_FILE = YES;
				INFOPLIST_KEY_UIApplicationSceneManifest_Generation = YES;
				INFOPLIST_KEY_UIApplicationSupportsIndirectInputEvents = YES;
				INFOPLIST_KEY_UILaunchScreen_Generation = YES;
				INFOPLIST_KEY_UISupportedInterfaceOrientations_iPad = "UIInterfaceOrientationPortrait UIInterfaceOrientationPortraitUpsideDown UIInterfaceOrientationLandscapeLeft UIInterfaceOrientationLandscapeRight";
				INFOPLIST_KEY_UISupportedInterfaceOrientations_iPhone = "UIInterfaceOrientationPortrait UIInterfaceOrientationLandscapeLeft UIInterfaceOrientationLandscapeRight";
				LD_RUNPATH_SEARCH_PATHS = (
					"$(inherited)",
					"@executable_path/Frameworks",
				);
				MARKETING_VERSION = 1.0;
				PRODUCT_BUNDLE_IDENTIFIER = "com.martinstofko.LEOCases-UI";
				PRODUCT_NAME = "$(TARGET_NAME)";
				SWIFT_EMIT_LOC_STRINGS = YES;
				SWIFT_VERSION = 5.0;
				TARGETED_DEVICE_FAMILY = "1,2";
			};
			name = Release;
		};
/* End XCBuildConfiguration section */

/* Begin XCConfigurationList section */
		C6C8445C2A41D37900549E77 /* Build configuration list for PBXProject "LEOCases-UI" */ = {
			isa = XCConfigurationList;
			buildConfigurations = (
				C6C8446D2A41D37900549E77 /* Debug */,
				C6C8446E2A41D37900549E77 /* Release */,
			);
			defaultConfigurationIsVisible = 0;
			defaultConfigurationName = Release;
		};
		C6C8446F2A41D37900549E77 /* Build configuration list for PBXNativeTarget "LEOCases-UI" */ = {
			isa = XCConfigurationList;
			buildConfigurations = (
				C6C844702A41D37900549E77 /* Debug */,
				C6C844712A41D37900549E77 /* Release */,
			);
			defaultConfigurationIsVisible = 0;
			defaultConfigurationName = Release;
		};
/* End XCConfigurationList section */
	};
	rootObject = C6C844592A41D37900549E77 /* Project object */;
}
